
Microsoft Visual Studio Solution File, Format Version 12.00
# Visual Studio 14
VisualStudioVersion = 14.0.25420.1
MinimumVisualStudioVersion = 10.0.40219.1
Project("{FAE04EC0-301F-11D3-BF4B-00C04F79EFBC}") = "Latihan_1_1", "Latihan_1_1\Latihan_1_1.csproj", "{001122E3-5380-4234-B5CC-A6B1FA8465FB}"
EndProject
Project("{FAE04EC0-301F-11D3-BF4B-00C04F79EFBC}") = "Latihan_2_1", "Latihan_2_1\Latihan_2_1.csproj", "{625D0A9E-22CB-4C36-B479-F6D06EBD3A43}"
EndProject
Project("{FAE04EC0-301F-11D3-BF4B-00C04F79EFBC}") = "Latihan_3_1", "Latihan_3_1\Latihan_3_1.csproj", "{4728A0BD-DCF9-4AED-A3C8-FC7CB2E47E67}"
EndProject
Project("{FAE04EC0-301F-11D3-BF4B-00C04F79EFBC}") = "Latihan_4_1", "Latihan_4_1\Latihan_4_1.csproj", "{E583B8DA-3577-47D3-A0A2-4B43177C6403}"
EndProject
Project("{FAE04EC0-301F-11D3-BF4B-00C04F79EFBC}") = "Latihan_5_1", "Latihan_5_1\Latihan_5_1.csproj", "{4C90C6CF-34A7-495F-BF04-51FF5DE00DDC}"
EndProject
Project("{FAE04EC0-301F-11D3-BF4B-00C04F79EFBC}") = "volleyball_problem", "volleyball_problem\volleyball_problem.csproj", "{DE2DD355-52CC-4E8F-9CB8-C685210451E7}"
EndProject
Project("{FAE04EC0-301F-11D3-BF4B-00C04F79EFBC}") = "Latihan_POS", "Latihan_POS\Latihan_POS.csproj", "{84EE42CC-7C4C-452C-921F-BE34DBBDA49C}"
EndProject
Project("{FAE04EC0-301F-11D3-BF4B-00C04F79EFBC}") = "Latihan_Lanjutan_POS", "Latihan_Lanjutan_POS\Latihan_Lanjutan_POS.csproj", "{77BD9FA0-17C2-45C4-9557-58BCA4885822}"
EndProject
Global
	GlobalSection(SolutionConfigurationPlatforms) = preSolution
		Debug|Any CPU = Debug|Any CPU
		Release|Any CPU = Release|Any CPU
	EndGlobalSection
	GlobalSection(ProjectConfigurationPlatforms) = postSolution
		{001122E3-5380-4234-B5CC-A6B1FA8465FB}.Debug|Any CPU.ActiveCfg = Debug|Any CPU
		{001122E3-5380-4234-B5CC-A6B1FA8465FB}.Debug|Any CPU.Build.0 = Debug|Any CPU
		{001122E3-5380-4234-B5CC-A6B1FA8465FB}.Release|Any CPU.ActiveCfg = Release|Any CPU
		{001122E3-5380-4234-B5CC-A6B1FA8465FB}.Release|Any CPU.Build.0 = Release|Any CPU
		{625D0A9E-22CB-4C36-B479-F6D06EBD3A43}.Debug|Any CPU.ActiveCfg = Debug|Any CPU
		{625D0A9E-22CB-4C36-B479-F6D06EBD3A43}.Debug|Any CPU.Build.0 = Debug|Any CPU
		{625D0A9E-22CB-4C36-B479-F6D06EBD3A43}.Release|Any CPU.ActiveCfg = Release|Any CPU
		{625D0A9E-22CB-4C36-B479-F6D06EBD3A43}.Release|Any CPU.Build.0 = Release|Any CPU
		{4728A0BD-DCF9-4AED-A3C8-FC7CB2E47E67}.Debug|Any CPU.ActiveCfg = Debug|Any CPU
		{4728A0BD-DCF9-4AED-A3C8-FC7CB2E47E67}.Debug|Any CPU.Build.0 = Debug|Any CPU
		{4728A0BD-DCF9-4AED-A3C8-FC7CB2E47E67}.Release|Any CPU.ActiveCfg = Release|Any CPU
		{4728A0BD-DCF9-4AED-A3C8-FC7CB2E47E67}.Release|Any CPU.Build.0 = Release|Any CPU
		{E583B8DA-3577-47D3-A0A2-4B43177C6403}.Debug|Any CPU.ActiveCfg = Debug|Any CPU
		{E583B8DA-3577-47D3-A0A2-4B43177C6403}.Debug|Any CPU.Build.0 = Debug|Any CPU
		{E583B8DA-3577-47D3-A0A2-4B43177C6403}.Release|Any CPU.ActiveCfg = Release|Any CPU
		{E583B8DA-3577-47D3-A0A2-4B43177C6403}.Release|Any CPU.Build.0 = Release|Any CPU
		{4C90C6CF-34A7-495F-BF04-51FF5DE00DDC}.Debug|Any CPU.ActiveCfg = Debug|Any CPU
		{4C90C6CF-34A7-495F-BF04-51FF5DE00DDC}.Debug|Any CPU.Build.0 = Debug|Any CPU
		{4C90C6CF-34A7-495F-BF04-51FF5DE00DDC}.Release|Any CPU.ActiveCfg = Release|Any CPU
		{4C90C6CF-34A7-495F-BF04-51FF5DE00DDC}.Release|Any CPU.Build.0 = Release|Any CPU
		{DE2DD355-52CC-4E8F-9CB8-C685210451E7}.Debug|Any CPU.ActiveCfg = Debug|Any CPU
		{DE2DD355-52CC-4E8F-9CB8-C685210451E7}.Debug|Any CPU.Build.0 = Debug|Any CPU
		{DE2DD355-52CC-4E8F-9CB8-C685210451E7}.Release|Any CPU.ActiveCfg = Release|Any CPU
		{DE2DD355-52CC-4E8F-9CB8-C685210451E7}.Release|Any CPU.Build.0 = Release|Any CPU
		{84EE42CC-7C4C-452C-921F-BE34DBBDA49C}.Debug|Any CPU.ActiveCfg = Debug|Any CPU
		{84EE42CC-7C4C-452C-921F-BE34DBBDA49C}.Debug|Any CPU.Build.0 = Debug|Any CPU
		{84EE42CC-7C4C-452C-921F-BE34DBBDA49C}.Release|Any CPU.ActiveCfg = Release|Any CPU
		{84EE42CC-7C4C-452C-921F-BE34DBBDA49C}.Release|Any CPU.Build.0 = Release|Any CPU
		{77BD9FA0-17C2-45C4-9557-58BCA4885822}.Debug|Any CPU.ActiveCfg = Debug|Any CPU
		{77BD9FA0-17C2-45C4-9557-58BCA4885822}.Debug|Any CPU.Build.0 = Debug|Any CPU
		{77BD9FA0-17C2-45C4-9557-58BCA4885822}.Release|Any CPU.ActiveCfg = Release|Any CPU
		{77BD9FA0-17C2-45C4-9557-58BCA4885822}.Release|Any CPU.Build.0 = Release|Any CPU
	EndGlobalSection
	GlobalSection(SolutionProperties) = preSolution
		HideSolutionNode = FALSE
	EndGlobalSection
EndGlobal
