
Microsoft Visual Studio Solution File, Format Version 12.00
# Visual Studio 14
VisualStudioVersion = 14.0.24720.0
MinimumVisualStudioVersion = 10.0.40219.1
Project("{FAE04EC0-301F-11D3-BF4B-00C04F79EFBC}") = "Latihan_1_1", "Latihan_1_1\Latihan_1_1.csproj", "{001122E3-5380-4234-B5CC-A6B1FA8465FB}"
EndProject
Project("{FAE04EC0-301F-11D3-BF4B-00C04F79EFBC}") = "Latihan_2_1", "Latihan_2_1\Latihan_2_1.csproj", "{625D0A9E-22CB-4C36-B479-F6D06EBD3A43}"
EndProject
Project("{FAE04EC0-301F-11D3-BF4B-00C04F79EFBC}") = "Latihan_3_1", "Latihan_3_1\Latihan_3_1.csproj", "{29CEE678-D291-4CBB-95B5-050E9D57A29E}"
EndProject
Project("{FAE04EC0-301F-11D3-BF4B-00C04F79EFBC}") = "Latihan_3__1", "Latihan_3__1\Latihan_3__1.csproj", "{E399950F-4330-4E94-A088-915972D7A9F3}"
EndProject
Global
	GlobalSection(SolutionConfigurationPlatforms) = preSolution
		Debug|Any CPU = Debug|Any CPU
		Release|Any CPU = Release|Any CPU
	EndGlobalSection
	GlobalSection(ProjectConfigurationPlatforms) = postSolution
		{001122E3-5380-4234-B5CC-A6B1FA8465FB}.Debug|Any CPU.ActiveCfg = Debug|Any CPU
		{001122E3-5380-4234-B5CC-A6B1FA8465FB}.Debug|Any CPU.Build.0 = Debug|Any CPU
		{001122E3-5380-4234-B5CC-A6B1FA8465FB}.Release|Any CPU.ActiveCfg = Release|Any CPU
		{001122E3-5380-4234-B5CC-A6B1FA8465FB}.Release|Any CPU.Build.0 = Release|Any CPU
		{625D0A9E-22CB-4C36-B479-F6D06EBD3A43}.Debug|Any CPU.ActiveCfg = Debug|Any CPU
		{625D0A9E-22CB-4C36-B479-F6D06EBD3A43}.Debug|Any CPU.Build.0 = Debug|Any CPU
		{625D0A9E-22CB-4C36-B479-F6D06EBD3A43}.Release|Any CPU.ActiveCfg = Release|Any CPU
		{625D0A9E-22CB-4C36-B479-F6D06EBD3A43}.Release|Any CPU.Build.0 = Release|Any CPU
		{29CEE678-D291-4CBB-95B5-050E9D57A29E}.Debug|Any CPU.ActiveCfg = Debug|Any CPU
		{29CEE678-D291-4CBB-95B5-050E9D57A29E}.Debug|Any CPU.Build.0 = Debug|Any CPU
		{29CEE678-D291-4CBB-95B5-050E9D57A29E}.Release|Any CPU.ActiveCfg = Release|Any CPU
		{29CEE678-D291-4CBB-95B5-050E9D57A29E}.Release|Any CPU.Build.0 = Release|Any CPU
		{E399950F-4330-4E94-A088-915972D7A9F3}.Debug|Any CPU.ActiveCfg = Debug|Any CPU
		{E399950F-4330-4E94-A088-915972D7A9F3}.Debug|Any CPU.Build.0 = Debug|Any CPU
		{E399950F-4330-4E94-A088-915972D7A9F3}.Release|Any CPU.ActiveCfg = Release|Any CPU
		{E399950F-4330-4E94-A088-915972D7A9F3}.Release|Any CPU.Build.0 = Release|Any CPU
	EndGlobalSection
	GlobalSection(SolutionProperties) = preSolution
		HideSolutionNode = FALSE
	EndGlobalSection
EndGlobal
